// !$*UTF8*$!
{
	archiveVersion = 1;
	classes = {
	};
	objectVersion = 46;
	objects = {

/* Begin PBXBuildFile section */
		011A63C51EA1F46D005EA5C8 /* GoogleService-Info.plist in Resources */ = {isa = PBXBuildFile; fileRef = 011A63C41EA1F46D005EA5C8 /* GoogleService-Info.plist */; };
		011A63C71EA209D2005EA5C8 /* RoundedTextField.swift in Sources */ = {isa = PBXBuildFile; fileRef = 011A63C61EA209D2005EA5C8 /* RoundedTextField.swift */; };
		011A63C91EA21166005EA5C8 /* RoundedButton.swift in Sources */ = {isa = PBXBuildFile; fileRef = 011A63C81EA21166005EA5C8 /* RoundedButton.swift */; };
		01B2E56E1EA1116000C7C5F4 /* AppDelegate.swift in Sources */ = {isa = PBXBuildFile; fileRef = 01B2E56D1EA1116000C7C5F4 /* AppDelegate.swift */; };
		01B2E5701EA1116000C7C5F4 /* CameraVC.swift in Sources */ = {isa = PBXBuildFile; fileRef = 01B2E56F1EA1116000C7C5F4 /* CameraVC.swift */; };
		01B2E5731EA1116000C7C5F4 /* Main.storyboard in Resources */ = {isa = PBXBuildFile; fileRef = 01B2E5711EA1116000C7C5F4 /* Main.storyboard */; };
		01B2E5751EA1116000C7C5F4 /* Assets.xcassets in Resources */ = {isa = PBXBuildFile; fileRef = 01B2E5741EA1116000C7C5F4 /* Assets.xcassets */; };
		01B2E5781EA1116000C7C5F4 /* LaunchScreen.storyboard in Resources */ = {isa = PBXBuildFile; fileRef = 01B2E5761EA1116000C7C5F4 /* LaunchScreen.storyboard */; };
		01B2E5841EA11B0F00C7C5F4 /* AAPLCameraViewController.m in Sources */ = {isa = PBXBuildFile; fileRef = 01B2E5811EA11B0F00C7C5F4 /* AAPLCameraViewController.m */; };
		01B2E5851EA11B0F00C7C5F4 /* AAPLPreviewView.m in Sources */ = {isa = PBXBuildFile; fileRef = 01B2E5831EA11B0F00C7C5F4 /* AAPLPreviewView.m */; };
		8C949CF5C35667DE2DFC32BE /* Pods_SnopChat.framework in Frameworks */ = {isa = PBXBuildFile; fileRef = 24BB4A47CDBE8ED5924ED7EE /* Pods_SnopChat.framework */; };
/* End PBXBuildFile section */

/* Begin PBXFileReference section */
		011A63C41EA1F46D005EA5C8 /* GoogleService-Info.plist */ = {isa = PBXFileReference; fileEncoding = 4; lastKnownFileType = text.plist.xml; path = "GoogleService-Info.plist"; sourceTree = "<group>"; };
		011A63C61EA209D2005EA5C8 /* RoundedTextField.swift */ = {isa = PBXFileReference; fileEncoding = 4; lastKnownFileType = sourcecode.swift; path = RoundedTextField.swift; sourceTree = "<group>"; };
		011A63C81EA21166005EA5C8 /* RoundedButton.swift */ = {isa = PBXFileReference; fileEncoding = 4; lastKnownFileType = sourcecode.swift; path = RoundedButton.swift; sourceTree = "<group>"; };
		019C85EE1EA1C053007A3B1C /* AAPLCameraVCDelegate.h */ = {isa = PBXFileReference; fileEncoding = 4; lastKnownFileType = sourcecode.c.h; path = AAPLCameraVCDelegate.h; sourceTree = "<group>"; };
		01B2E56A1EA1116000C7C5F4 /* SnopChat.app */ = {isa = PBXFileReference; explicitFileType = wrapper.application; includeInIndex = 0; path = SnopChat.app; sourceTree = BUILT_PRODUCTS_DIR; };
		01B2E56D1EA1116000C7C5F4 /* AppDelegate.swift */ = {isa = PBXFileReference; lastKnownFileType = sourcecode.swift; path = AppDelegate.swift; sourceTree = "<group>"; };
		01B2E56F1EA1116000C7C5F4 /* CameraVC.swift */ = {isa = PBXFileReference; lastKnownFileType = sourcecode.swift; path = CameraVC.swift; sourceTree = "<group>"; };
		01B2E5721EA1116000C7C5F4 /* Base */ = {isa = PBXFileReference; lastKnownFileType = file.storyboard; name = Base; path = Base.lproj/Main.storyboard; sourceTree = "<group>"; };
		01B2E5741EA1116000C7C5F4 /* Assets.xcassets */ = {isa = PBXFileReference; lastKnownFileType = folder.assetcatalog; path = Assets.xcassets; sourceTree = "<group>"; };
		01B2E5771EA1116000C7C5F4 /* Base */ = {isa = PBXFileReference; lastKnownFileType = file.storyboard; name = Base; path = Base.lproj/LaunchScreen.storyboard; sourceTree = "<group>"; };
		01B2E5791EA1116000C7C5F4 /* Info.plist */ = {isa = PBXFileReference; lastKnownFileType = text.plist.xml; path = Info.plist; sourceTree = "<group>"; };
		01B2E57F1EA11B0E00C7C5F4 /* SnopChat-Bridging-Header.h */ = {isa = PBXFileReference; lastKnownFileType = sourcecode.c.h; path = "SnopChat-Bridging-Header.h"; sourceTree = "<group>"; };
		01B2E5801EA11B0F00C7C5F4 /* AAPLCameraViewController.h */ = {isa = PBXFileReference; fileEncoding = 4; lastKnownFileType = sourcecode.c.h; path = AAPLCameraViewController.h; sourceTree = "<group>"; };
		01B2E5811EA11B0F00C7C5F4 /* AAPLCameraViewController.m */ = {isa = PBXFileReference; fileEncoding = 4; lastKnownFileType = sourcecode.c.objc; path = AAPLCameraViewController.m; sourceTree = "<group>"; };
		01B2E5821EA11B0F00C7C5F4 /* AAPLPreviewView.h */ = {isa = PBXFileReference; fileEncoding = 4; lastKnownFileType = sourcecode.c.h; path = AAPLPreviewView.h; sourceTree = "<group>"; };
		01B2E5831EA11B0F00C7C5F4 /* AAPLPreviewView.m */ = {isa = PBXFileReference; fileEncoding = 4; lastKnownFileType = sourcecode.c.objc; path = AAPLPreviewView.m; sourceTree = "<group>"; };
		24BB4A47CDBE8ED5924ED7EE /* Pods_SnopChat.framework */ = {isa = PBXFileReference; explicitFileType = wrapper.framework; includeInIndex = 0; path = Pods_SnopChat.framework; sourceTree = BUILT_PRODUCTS_DIR; };
		26D4D2F03FAB544BA45DAB33 /* Pods-SnopChat.release.xcconfig */ = {isa = PBXFileReference; includeInIndex = 1; lastKnownFileType = text.xcconfig; name = "Pods-SnopChat.release.xcconfig"; path = "Pods/Target Support Files/Pods-SnopChat/Pods-SnopChat.release.xcconfig"; sourceTree = "<group>"; };
		D1BCD19A68D610C9EB986A6E /* Pods-SnopChat.debug.xcconfig */ = {isa = PBXFileReference; includeInIndex = 1; lastKnownFileType = text.xcconfig; name = "Pods-SnopChat.debug.xcconfig"; path = "Pods/Target Support Files/Pods-SnopChat/Pods-SnopChat.debug.xcconfig"; sourceTree = "<group>"; };
/* End PBXFileReference section */

/* Begin PBXFrameworksBuildPhase section */
		01B2E5671EA1116000C7C5F4 /* Frameworks */ = {
			isa = PBXFrameworksBuildPhase;
			buildActionMask = 2147483647;
			files = (
				8C949CF5C35667DE2DFC32BE /* Pods_SnopChat.framework in Frameworks */,
			);
			runOnlyForDeploymentPostprocessing = 0;
		};
/* End PBXFrameworksBuildPhase section */

/* Begin PBXGroup section */
		019C85ED1EA1C026007A3B1C /* Protocol */ = {
			isa = PBXGroup;
			children = (
				019C85EE1EA1C053007A3B1C /* AAPLCameraVCDelegate.h */,
			);
			name = Protocol;
			sourceTree = "<group>";
		};
		01B2E5611EA1116000C7C5F4 = {
			isa = PBXGroup;
			children = (
				01B2E56C1EA1116000C7C5F4 /* SnopChat */,
				01B2E56B1EA1116000C7C5F4 /* Products */,
				F835896ED5CBEBB36AC24FCA /* Pods */,
				B2E21CBE86EA05E01BFF1CB8 /* Frameworks */,
			);
			sourceTree = "<group>";
		};
		01B2E56B1EA1116000C7C5F4 /* Products */ = {
			isa = PBXGroup;
			children = (
				01B2E56A1EA1116000C7C5F4 /* SnopChat.app */,
			);
			name = Products;
			sourceTree = "<group>";
		};
		01B2E56C1EA1116000C7C5F4 /* SnopChat */ = {
			isa = PBXGroup;
			children = (
				01B2E5881EA11B3500C7C5F4 /* Model */,
				01B2E5871EA11B2900C7C5F4 /* View */,
				01B2E5861EA11B1F00C7C5F4 /* Controller */,
				019C85ED1EA1C026007A3B1C /* Protocol */,
				01B2E5891EA11B3C00C7C5F4 /* Resource */,
				01B2E56D1EA1116000C7C5F4 /* AppDelegate.swift */,
				01B2E5711EA1116000C7C5F4 /* Main.storyboard */,
				01B2E5761EA1116000C7C5F4 /* LaunchScreen.storyboard */,
				01B2E57F1EA11B0E00C7C5F4 /* SnopChat-Bridging-Header.h */,
			);
			path = SnopChat;
			sourceTree = "<group>";
		};
		01B2E5861EA11B1F00C7C5F4 /* Controller */ = {
			isa = PBXGroup;
			children = (
				01B2E5801EA11B0F00C7C5F4 /* AAPLCameraViewController.h */,
				01B2E5811EA11B0F00C7C5F4 /* AAPLCameraViewController.m */,
				01B2E56F1EA1116000C7C5F4 /* CameraVC.swift */,
			);
			name = Controller;
			sourceTree = "<group>";
		};
		01B2E5871EA11B2900C7C5F4 /* View */ = {
			isa = PBXGroup;
			children = (
				01B2E5821EA11B0F00C7C5F4 /* AAPLPreviewView.h */,
				01B2E5831EA11B0F00C7C5F4 /* AAPLPreviewView.m */,
				011A63C61EA209D2005EA5C8 /* RoundedTextField.swift */,
				011A63C81EA21166005EA5C8 /* RoundedButton.swift */,
			);
			name = View;
			sourceTree = "<group>";
		};
		01B2E5881EA11B3500C7C5F4 /* Model */ = {
			isa = PBXGroup;
			children = (
			);
			name = Model;
			sourceTree = "<group>";
		};
		01B2E5891EA11B3C00C7C5F4 /* Resource */ = {
			isa = PBXGroup;
			children = (
				011A63C41EA1F46D005EA5C8 /* GoogleService-Info.plist */,
				01B2E5791EA1116000C7C5F4 /* Info.plist */,
				01B2E5741EA1116000C7C5F4 /* Assets.xcassets */,
			);
			name = Resource;
			sourceTree = "<group>";
		};
		B2E21CBE86EA05E01BFF1CB8 /* Frameworks */ = {
			isa = PBXGroup;
			children = (
				24BB4A47CDBE8ED5924ED7EE /* Pods_SnopChat.framework */,
			);
			name = Frameworks;
			sourceTree = "<group>";
		};
		F835896ED5CBEBB36AC24FCA /* Pods */ = {
			isa = PBXGroup;
			children = (
				D1BCD19A68D610C9EB986A6E /* Pods-SnopChat.debug.xcconfig */,
				26D4D2F03FAB544BA45DAB33 /* Pods-SnopChat.release.xcconfig */,
			);
			name = Pods;
			sourceTree = "<group>";
		};
/* End PBXGroup section */

/* Begin PBXNativeTarget section */
		01B2E5691EA1116000C7C5F4 /* SnopChat */ = {
			isa = PBXNativeTarget;
			buildConfigurationList = 01B2E57C1EA1116000C7C5F4 /* Build configuration list for PBXNativeTarget "SnopChat" */;
			buildPhases = (
				301C013FC85AAC051E24B7DD /* [CP] Check Pods Manifest.lock */,
				01B2E5661EA1116000C7C5F4 /* Sources */,
				01B2E5671EA1116000C7C5F4 /* Frameworks */,
				01B2E5681EA1116000C7C5F4 /* Resources */,
				99300B826BB02E58DB1BED20 /* [CP] Embed Pods Frameworks */,
				71FD4C6E17C706A16EAFD1AC /* [CP] Copy Pods Resources */,
			);
			buildRules = (
			);
			dependencies = (
			);
			name = SnopChat;
			productName = SnopChat;
			productReference = 01B2E56A1EA1116000C7C5F4 /* SnopChat.app */;
			productType = "com.apple.product-type.application";
		};
/* End PBXNativeTarget section */

/* Begin PBXProject section */
		01B2E5621EA1116000C7C5F4 /* Project object */ = {
			isa = PBXProject;
			attributes = {
				LastSwiftUpdateCheck = 0830;
				LastUpgradeCheck = 0830;
				ORGANIZATIONNAME = Frank;
				TargetAttributes = {
					01B2E5691EA1116000C7C5F4 = {
						CreatedOnToolsVersion = 8.3.1;
						DevelopmentTeam = ENT2ZH45DM;
						LastSwiftMigration = 0830;
						ProvisioningStyle = Automatic;
					};
				};
			};
			buildConfigurationList = 01B2E5651EA1116000C7C5F4 /* Build configuration list for PBXProject "SnopChat" */;
			compatibilityVersion = "Xcode 3.2";
			developmentRegion = English;
			hasScannedForEncodings = 0;
			knownRegions = (
				en,
				Base,
			);
			mainGroup = 01B2E5611EA1116000C7C5F4;
			productRefGroup = 01B2E56B1EA1116000C7C5F4 /* Products */;
			projectDirPath = "";
			projectRoot = "";
			targets = (
				01B2E5691EA1116000C7C5F4 /* SnopChat */,
			);
		};
/* End PBXProject section */

/* Begin PBXResourcesBuildPhase section */
		01B2E5681EA1116000C7C5F4 /* Resources */ = {
			isa = PBXResourcesBuildPhase;
			buildActionMask = 2147483647;
			files = (
				01B2E5781EA1116000C7C5F4 /* LaunchScreen.storyboard in Resources */,
				011A63C51EA1F46D005EA5C8 /* GoogleService-Info.plist in Resources */,
				01B2E5751EA1116000C7C5F4 /* Assets.xcassets in Resources */,
				01B2E5731EA1116000C7C5F4 /* Main.storyboard in Resources */,
			);
			runOnlyForDeploymentPostprocessing = 0;
		};
/* End PBXResourcesBuildPhase section */

/* Begin PBXShellScriptBuildPhase section */
		301C013FC85AAC051E24B7DD /* [CP] Check Pods Manifest.lock */ = {
			isa = PBXShellScriptBuildPhase;
			buildActionMask = 2147483647;
			files = (
			);
			inputPaths = (
			);
			name = "[CP] Check Pods Manifest.lock";
			outputPaths = (
			);
			runOnlyForDeploymentPostprocessing = 0;
			shellPath = /bin/sh;
			shellScript = "diff \"${PODS_PODFILE_DIR_PATH}/Podfile.lock\" \"${PODS_ROOT}/Manifest.lock\" > /dev/null\nif [ $? != 0 ] ; then\n    # print error to STDERR\n    echo \"error: The sandbox is not in sync with the Podfile.lock. Run 'pod install' or update your CocoaPods installation.\" >&2\n    exit 1\nfi\n";
			showEnvVarsInLog = 0;
		};
		71FD4C6E17C706A16EAFD1AC /* [CP] Copy Pods Resources */ = {
			isa = PBXShellScriptBuildPhase;
			buildActionMask = 2147483647;
			files = (
			);
			inputPaths = (
			);
			name = "[CP] Copy Pods Resources";
			outputPaths = (
			);
			runOnlyForDeploymentPostprocessing = 0;
			shellPath = /bin/sh;
			shellScript = "\"${SRCROOT}/Pods/Target Support Files/Pods-SnopChat/Pods-SnopChat-resources.sh\"\n";
			showEnvVarsInLog = 0;
		};
		99300B826BB02E58DB1BED20 /* [CP] Embed Pods Frameworks */ = {
			isa = PBXShellScriptBuildPhase;
			buildActionMask = 2147483647;
			files = (
			);
			inputPaths = (
			);
			name = "[CP] Embed Pods Frameworks";
			outputPaths = (
			);
			runOnlyForDeploymentPostprocessing = 0;
			shellPath = /bin/sh;
			shellScript = "\"${SRCROOT}/Pods/Target Support Files/Pods-SnopChat/Pods-SnopChat-frameworks.sh\"\n";
			showEnvVarsInLog = 0;
		};
/* End PBXShellScriptBuildPhase section */

/* Begin PBXSourcesBuildPhase section */
		01B2E5661EA1116000C7C5F4 /* Sources */ = {
			isa = PBXSourcesBuildPhase;
			buildActionMask = 2147483647;
			files = (
				01B2E5701EA1116000C7C5F4 /* CameraVC.swift in Sources */,
				011A63C91EA21166005EA5C8 /* RoundedButton.swift in Sources */,
				01B2E56E1EA1116000C7C5F4 /* AppDelegate.swift in Sources */,
				011A63C71EA209D2005EA5C8 /* RoundedTextField.swift in Sources */,
				01B2E5841EA11B0F00C7C5F4 /* AAPLCameraViewController.m in Sources */,
				01B2E5851EA11B0F00C7C5F4 /* AAPLPreviewView.m in Sources */,
			);
			runOnlyForDeploymentPostprocessing = 0;
		};
/* End PBXSourcesBuildPhase section */

/* Begin PBXVariantGroup section */
		01B2E5711EA1116000C7C5F4 /* Main.storyboard */ = {
			isa = PBXVariantGroup;
			children = (
				01B2E5721EA1116000C7C5F4 /* Base */,
			);
			name = Main.storyboard;
			sourceTree = "<group>";
		};
		01B2E5761EA1116000C7C5F4 /* LaunchScreen.storyboard */ = {
			isa = PBXVariantGroup;
			children = (
				01B2E5771EA1116000C7C5F4 /* Base */,
			);
			name = LaunchScreen.storyboard;
			sourceTree = "<group>";
		};
/* End PBXVariantGroup section */

/* Begin XCBuildConfiguration section */
		01B2E57A1EA1116000C7C5F4 /* Debug */ = {
			isa = XCBuildConfiguration;
			buildSettings = {
				ALWAYS_SEARCH_USER_PATHS = NO;
				CLANG_ANALYZER_NONNULL = YES;
				CLANG_ANALYZER_NUMBER_OBJECT_CONVERSION = YES_AGGRESSIVE;
				CLANG_CXX_LANGUAGE_STANDARD = "gnu++0x";
				CLANG_CXX_LIBRARY = "libc++";
				CLANG_ENABLE_MODULES = YES;
				CLANG_ENABLE_OBJC_ARC = YES;
				CLANG_WARN_BOOL_CONVERSION = YES;
				CLANG_WARN_CONSTANT_CONVERSION = YES;
				CLANG_WARN_DIRECT_OBJC_ISA_USAGE = YES_ERROR;
				CLANG_WARN_DOCUMENTATION_COMMENTS = YES;
				CLANG_WARN_EMPTY_BODY = YES;
				CLANG_WARN_ENUM_CONVERSION = YES;
				CLANG_WARN_INFINITE_RECURSION = YES;
				CLANG_WARN_INT_CONVERSION = YES;
				CLANG_WARN_OBJC_ROOT_CLASS = YES_ERROR;
				CLANG_WARN_SUSPICIOUS_MOVE = YES;
				CLANG_WARN_UNREACHABLE_CODE = YES;
				CLANG_WARN__DUPLICATE_METHOD_MATCH = YES;
				"CODE_SIGN_IDENTITY[sdk=iphoneos*]" = "iPhone Developer";
				COPY_PHASE_STRIP = NO;
				DEBUG_INFORMATION_FORMAT = dwarf;
				ENABLE_STRICT_OBJC_MSGSEND = YES;
				ENABLE_TESTABILITY = YES;
				GCC_C_LANGUAGE_STANDARD = gnu99;
				GCC_DYNAMIC_NO_PIC = NO;
				GCC_NO_COMMON_BLOCKS = YES;
				GCC_OPTIMIZATION_LEVEL = 0;
				GCC_PREPROCESSOR_DEFINITIONS = (
					"DEBUG=1",
					"$(inherited)",
				);
				GCC_WARN_64_TO_32_BIT_CONVERSION = YES;
				GCC_WARN_ABOUT_RETURN_TYPE = YES_ERROR;
				GCC_WARN_UNDECLARED_SELECTOR = YES;
				GCC_WARN_UNINITIALIZED_AUTOS = YES_AGGRESSIVE;
				GCC_WARN_UNUSED_FUNCTION = YES;
				GCC_WARN_UNUSED_VARIABLE = YES;
				IPHONEOS_DEPLOYMENT_TARGET = 10.3;
				MTL_ENABLE_DEBUG_INFO = YES;
				ONLY_ACTIVE_ARCH = YES;
				SDKROOT = iphoneos;
				SWIFT_ACTIVE_COMPILATION_CONDITIONS = DEBUG;
				SWIFT_OPTIMIZATION_LEVEL = "-Onone";
				TARGETED_DEVICE_FAMILY = "1,2";
			};
			name = Debug;
		};
		01B2E57B1EA1116000C7C5F4 /* Release */ = {
			isa = XCBuildConfiguration;
			buildSettings = {
				ALWAYS_SEARCH_USER_PATHS = NO;
				CLANG_ANALYZER_NONNULL = YES;
				CLANG_ANALYZER_NUMBER_OBJECT_CONVERSION = YES_AGGRESSIVE;
				CLANG_CXX_LANGUAGE_STANDARD = "gnu++0x";
				CLANG_CXX_LIBRARY = "libc++";
				CLANG_ENABLE_MODULES = YES;
				CLANG_ENABLE_OBJC_ARC = YES;
				CLANG_WARN_BOOL_CONVERSION = YES;
				CLANG_WARN_CONSTANT_CONVERSION = YES;
				CLANG_WARN_DIRECT_OBJC_ISA_USAGE = YES_ERROR;
				CLANG_WARN_DOCUMENTATION_COMMENTS = YES;
				CLANG_WARN_EMPTY_BODY = YES;
				CLANG_WARN_ENUM_CONVERSION = YES;
				CLANG_WARN_INFINITE_RECURSION = YES;
				CLANG_WARN_INT_CONVERSION = YES;
				CLANG_WARN_OBJC_ROOT_CLASS = YES_ERROR;
				CLANG_WARN_SUSPICIOUS_MOVE = YES;
				CLANG_WARN_UNREACHABLE_CODE = YES;
				CLANG_WARN__DUPLICATE_METHOD_MATCH = YES;
				"CODE_SIGN_IDENTITY[sdk=iphoneos*]" = "iPhone Developer";
				COPY_PHASE_STRIP = NO;
				DEBUG_INFORMATION_FORMAT = "dwarf-with-dsym";
				ENABLE_NS_ASSERTIONS = NO;
				ENABLE_STRICT_OBJC_MSGSEND = YES;
				GCC_C_LANGUAGE_STANDARD = gnu99;
				GCC_NO_COMMON_BLOCKS = YES;
				GCC_WARN_64_TO_32_BIT_CONVERSION = YES;
				GCC_WARN_ABOUT_RETURN_TYPE = YES_ERROR;
				GCC_WARN_UNDECLARED_SELECTOR = YES;
				GCC_WARN_UNINITIALIZED_AUTOS = YES_AGGRESSIVE;
				GCC_WARN_UNUSED_FUNCTION = YES;
				GCC_WARN_UNUSED_VARIABLE = YES;
				IPHONEOS_DEPLOYMENT_TARGET = 10.3;
				MTL_ENABLE_DEBUG_INFO = NO;
				SDKROOT = iphoneos;
				SWIFT_OPTIMIZATION_LEVEL = "-Owholemodule";
				TARGETED_DEVICE_FAMILY = "1,2";
				VALIDATE_PRODUCT = YES;
			};
			name = Release;
		};
		01B2E57D1EA1116000C7C5F4 /* Debug */ = {
			isa = XCBuildConfiguration;
			baseConfigurationReference = D1BCD19A68D610C9EB986A6E /* Pods-SnopChat.debug.xcconfig */;
			buildSettings = {
				ASSETCATALOG_COMPILER_APPICON_NAME = AppIcon;
				CLANG_ENABLE_MODULES = YES;
				DEVELOPMENT_TEAM = ENT2ZH45DM;
				INFOPLIST_FILE = SnopChat/Info.plist;
				LD_RUNPATH_SEARCH_PATHS = "$(inherited) @executable_path/Frameworks";
				PRODUCT_BUNDLE_IDENTIFIER = com.ZombieWang.SnopChat;
				PRODUCT_NAME = "$(TARGET_NAME)";
				SWIFT_OBJC_BRIDGING_HEADER = "SnopChat/SnopChat-Bridging-Header.h";
				SWIFT_OPTIMIZATION_LEVEL = "-Onone";
				SWIFT_VERSION = 3.0;
			};
			name = Debug;
		};
		01B2E57E1EA1116000C7C5F4 /* Release */ = {
			isa = XCBuildConfiguration;
			baseConfigurationReference = 26D4D2F03FAB544BA45DAB33 /* Pods-SnopChat.release.xcconfig */;
			buildSettings = {
				ASSETCATALOG_COMPILER_APPICON_NAME = AppIcon;
				CLANG_ENABLE_MODULES = YES;
				DEVELOPMENT_TEAM = ENT2ZH45DM;
				INFOPLIST_FILE = SnopChat/Info.plist;
				LD_RUNPATH_SEARCH_PATHS = "$(inherited) @executable_path/Frameworks";
				PRODUCT_BUNDLE_IDENTIFIER = com.ZombieWang.SnopChat;
				PRODUCT_NAME = "$(TARGET_NAME)";
				SWIFT_OBJC_BRIDGING_HEADER = "SnopChat/SnopChat-Bridging-Header.h";
				SWIFT_VERSION = 3.0;
			};
			name = Release;
		};
/* End XCBuildConfiguration section */

/* Begin XCConfigurationList section */
		01B2E5651EA1116000C7C5F4 /* Build configuration list for PBXProject "SnopChat" */ = {
			isa = XCConfigurationList;
			buildConfigurations = (
				01B2E57A1EA1116000C7C5F4 /* Debug */,
				01B2E57B1EA1116000C7C5F4 /* Release */,
			);
			defaultConfigurationIsVisible = 0;
			defaultConfigurationName = Release;
		};
		01B2E57C1EA1116000C7C5F4 /* Build configuration list for PBXNativeTarget "SnopChat" */ = {
			isa = XCConfigurationList;
			buildConfigurations = (
				01B2E57D1EA1116000C7C5F4 /* Debug */,
				01B2E57E1EA1116000C7C5F4 /* Release */,
			);
			defaultConfigurationIsVisible = 0;
			defaultConfigurationName = Release;
		};
/* End XCConfigurationList section */
	};
	rootObject = 01B2E5621EA1116000C7C5F4 /* Project object */;
}
